// !$*UTF8*$!
{
	archiveVersion = 1;
	classes = {
	};
	objectVersion = 56;
	objects = {

/* Begin PBXBuildFile section */
		8490532A2CA990E20089DD08 /* DiaryListView.swift in Sources */ = {isa = PBXBuildFile; fileRef = 849053292CA990E20089DD08 /* DiaryListView.swift */; };
		8490532C2CA990E30089DD08 /* Assets.xcassets in Resources */ = {isa = PBXBuildFile; fileRef = 8490532B2CA990E30089DD08 /* Assets.xcassets */; };
		8490532F2CA990E30089DD08 /* Preview Assets.xcassets in Resources */ = {isa = PBXBuildFile; fileRef = 8490532E2CA990E30089DD08 /* Preview Assets.xcassets */; };
		849053362CA9910F0089DD08 /* DiaryTable.swift in Sources */ = {isa = PBXBuildFile; fileRef = 849053352CA9910F0089DD08 /* DiaryTable.swift */; };
		849053392CA991200089DD08 /* RealmSwift in Frameworks */ = {isa = PBXBuildFile; productRef = 849053382CA991200089DD08 /* RealmSwift */; };
		8490533C2CA9912A0089DD08 /* FSCalendar in Frameworks */ = {isa = PBXBuildFile; productRef = 8490533B2CA9912A0089DD08 /* FSCalendar */; };
		8490534A2CA991AB0089DD08 /* EmotionSelectionView.swift in Sources */ = {isa = PBXBuildFile; fileRef = 849053492CA991AB0089DD08 /* EmotionSelectionView.swift */; };
		8490534D2CA991C40089DD08 /* Rock.swift in Sources */ = {isa = PBXBuildFile; fileRef = 8490534C2CA991C40089DD08 /* Rock.swift */; };
		8490534F2CA991DC0089DD08 /* CreateDiaryView.swift in Sources */ = {isa = PBXBuildFile; fileRef = 8490534E2CA991DC0089DD08 /* CreateDiaryView.swift */; };
		849053522CA99DEA0089DD08 /* DiaryRepository.swift in Sources */ = {isa = PBXBuildFile; fileRef = 849053512CA99DEA0089DD08 /* DiaryRepository.swift */; };
		849053542CA9ACD60089DD08 /* CustomTextEditorStyle.swift in Sources */ = {isa = PBXBuildFile; fileRef = 849053532CA9ACD60089DD08 /* CustomTextEditorStyle.swift */; };
		849053562CA9AEF40089DD08 /* MindolApp.swift in Sources */ = {isa = PBXBuildFile; fileRef = 849053552CA9AEF40089DD08 /* MindolApp.swift */; };
		849053582CA9AF430089DD08 /* .gitignore in Resources */ = {isa = PBXBuildFile; fileRef = 849053572CA9AF430089DD08 /* .gitignore */; };
		8490535B2CA9B7C70089DD08 /* RowStackView.swift in Sources */ = {isa = PBXBuildFile; fileRef = 8490535A2CA9B7C70089DD08 /* RowStackView.swift */; };
		8490535E2CA9BFAC0089DD08 /* Date+.swift in Sources */ = {isa = PBXBuildFile; fileRef = 8490535D2CA9BFAC0089DD08 /* Date+.swift */; };
		849053602CA9D6D70089DD08 /* ReadDiaryView.swift in Sources */ = {isa = PBXBuildFile; fileRef = 8490535F2CA9D6D70089DD08 /* ReadDiaryView.swift */; };
		849053632CAA3EC60089DD08 /* RockStackScene.swift in Sources */ = {isa = PBXBuildFile; fileRef = 849053622CAA3EC60089DD08 /* RockStackScene.swift */; };
		849053662CABF2290089DD08 /* SwiftUIIntrospect in Frameworks */ = {isa = PBXBuildFile; productRef = 849053652CABF2290089DD08 /* SwiftUIIntrospect */; };
		8490536D2CAC84CE0089DD08 /* UIApplication+.swift in Sources */ = {isa = PBXBuildFile; fileRef = 8490536C2CAC84CE0089DD08 /* UIApplication+.swift */; };
		84B7521C2CAD47570015B327 /* RockStackView.swift in Sources */ = {isa = PBXBuildFile; fileRef = 84B7521B2CAD47570015B327 /* RockStackView.swift */; };
		84B752212CADBA990015B327 /* CalendarView.swift in Sources */ = {isa = PBXBuildFile; fileRef = 84B752202CADBA990015B327 /* CalendarView.swift */; };
		84B752232CADBDBD0015B327 /* FlipCardView.swift in Sources */ = {isa = PBXBuildFile; fileRef = 84B752222CADBDBD0015B327 /* FlipCardView.swift */; };
		84B752252CADBEBD0015B327 /* SceneWrapper.swift in Sources */ = {isa = PBXBuildFile; fileRef = 84B752242CADBEBD0015B327 /* SceneWrapper.swift */; };
		84B752272CAEB7700015B327 /* KeyboardAdaptiveBottomBar.swift in Sources */ = {isa = PBXBuildFile; fileRef = 84B752262CAEB7700015B327 /* KeyboardAdaptiveBottomBar.swift */; };
		84B752302CAFDCA00015B327 /* MindolTabView.swift in Sources */ = {isa = PBXBuildFile; fileRef = 84B7522F2CAFDCA00015B327 /* MindolTabView.swift */; };
		84B752332CB009170015B327 /* SettingsView.swift in Sources */ = {isa = PBXBuildFile; fileRef = 84B752322CB009170015B327 /* SettingsView.swift */; };
		84B752342CB01C560015B327 /* RealmSwift in Embed Frameworks */ = {isa = PBXBuildFile; productRef = 849053382CA991200089DD08 /* RealmSwift */; settings = {ATTRIBUTES = (CodeSignOnCopy, ); }; };
		84B752372CB125020015B327 /* DatePickerView.swift in Sources */ = {isa = PBXBuildFile; fileRef = 84B752362CB125020015B327 /* DatePickerView.swift */; };
/* End PBXBuildFile section */

/* Begin PBXCopyFilesBuildPhase section */
		84B752352CB01C560015B327 /* Embed Frameworks */ = {
			isa = PBXCopyFilesBuildPhase;
			buildActionMask = 2147483647;
			dstPath = "";
			dstSubfolderSpec = 10;
			files = (
				84B752342CB01C560015B327 /* RealmSwift in Embed Frameworks */,
			);
			name = "Embed Frameworks";
			runOnlyForDeploymentPostprocessing = 0;
		};
/* End PBXCopyFilesBuildPhase section */

/* Begin PBXFileReference section */
		849053242CA990E20089DD08 /* Mindol.app */ = {isa = PBXFileReference; explicitFileType = wrapper.application; includeInIndex = 0; path = Mindol.app; sourceTree = BUILT_PRODUCTS_DIR; };
		849053292CA990E20089DD08 /* DiaryListView.swift */ = {isa = PBXFileReference; lastKnownFileType = sourcecode.swift; path = DiaryListView.swift; sourceTree = "<group>"; };
		8490532B2CA990E30089DD08 /* Assets.xcassets */ = {isa = PBXFileReference; lastKnownFileType = folder.assetcatalog; path = Assets.xcassets; sourceTree = "<group>"; };
		8490532E2CA990E30089DD08 /* Preview Assets.xcassets */ = {isa = PBXFileReference; lastKnownFileType = folder.assetcatalog; path = "Preview Assets.xcassets"; sourceTree = "<group>"; };
		849053352CA9910F0089DD08 /* DiaryTable.swift */ = {isa = PBXFileReference; lastKnownFileType = sourcecode.swift; path = DiaryTable.swift; sourceTree = "<group>"; };
		849053492CA991AB0089DD08 /* EmotionSelectionView.swift */ = {isa = PBXFileReference; lastKnownFileType = sourcecode.swift; path = EmotionSelectionView.swift; sourceTree = "<group>"; };
		8490534C2CA991C40089DD08 /* Rock.swift */ = {isa = PBXFileReference; lastKnownFileType = sourcecode.swift; path = Rock.swift; sourceTree = "<group>"; };
		8490534E2CA991DC0089DD08 /* CreateDiaryView.swift */ = {isa = PBXFileReference; lastKnownFileType = sourcecode.swift; path = CreateDiaryView.swift; sourceTree = "<group>"; };
		849053512CA99DEA0089DD08 /* DiaryRepository.swift */ = {isa = PBXFileReference; lastKnownFileType = sourcecode.swift; path = DiaryRepository.swift; sourceTree = "<group>"; };
		849053532CA9ACD60089DD08 /* CustomTextEditorStyle.swift */ = {isa = PBXFileReference; lastKnownFileType = sourcecode.swift; path = CustomTextEditorStyle.swift; sourceTree = "<group>"; };
		849053552CA9AEF40089DD08 /* MindolApp.swift */ = {isa = PBXFileReference; fileEncoding = 4; lastKnownFileType = sourcecode.swift; path = MindolApp.swift; sourceTree = "<group>"; };
		849053572CA9AF430089DD08 /* .gitignore */ = {isa = PBXFileReference; lastKnownFileType = text; path = .gitignore; sourceTree = "<group>"; };
		8490535A2CA9B7C70089DD08 /* RowStackView.swift */ = {isa = PBXFileReference; lastKnownFileType = sourcecode.swift; path = RowStackView.swift; sourceTree = "<group>"; };
		8490535D2CA9BFAC0089DD08 /* Date+.swift */ = {isa = PBXFileReference; lastKnownFileType = sourcecode.swift; path = "Date+.swift"; sourceTree = "<group>"; };
		8490535F2CA9D6D70089DD08 /* ReadDiaryView.swift */ = {isa = PBXFileReference; lastKnownFileType = sourcecode.swift; path = ReadDiaryView.swift; sourceTree = "<group>"; };
		849053622CAA3EC60089DD08 /* RockStackScene.swift */ = {isa = PBXFileReference; lastKnownFileType = sourcecode.swift; path = RockStackScene.swift; sourceTree = "<group>"; };
		8490536C2CAC84CE0089DD08 /* UIApplication+.swift */ = {isa = PBXFileReference; lastKnownFileType = sourcecode.swift; path = "UIApplication+.swift"; sourceTree = "<group>"; };
		84B7521B2CAD47570015B327 /* RockStackView.swift */ = {isa = PBXFileReference; lastKnownFileType = sourcecode.swift; path = RockStackView.swift; sourceTree = "<group>"; };
		84B752202CADBA990015B327 /* CalendarView.swift */ = {isa = PBXFileReference; lastKnownFileType = sourcecode.swift; path = CalendarView.swift; sourceTree = "<group>"; };
		84B752222CADBDBD0015B327 /* FlipCardView.swift */ = {isa = PBXFileReference; lastKnownFileType = sourcecode.swift; path = FlipCardView.swift; sourceTree = "<group>"; };
		84B752242CADBEBD0015B327 /* SceneWrapper.swift */ = {isa = PBXFileReference; lastKnownFileType = sourcecode.swift; path = SceneWrapper.swift; sourceTree = "<group>"; };
		84B752262CAEB7700015B327 /* KeyboardAdaptiveBottomBar.swift */ = {isa = PBXFileReference; lastKnownFileType = sourcecode.swift; path = KeyboardAdaptiveBottomBar.swift; sourceTree = "<group>"; };
		84B7522F2CAFDCA00015B327 /* MindolTabView.swift */ = {isa = PBXFileReference; fileEncoding = 4; lastKnownFileType = sourcecode.swift; path = MindolTabView.swift; sourceTree = "<group>"; };
		84B752322CB009170015B327 /* SettingsView.swift */ = {isa = PBXFileReference; lastKnownFileType = sourcecode.swift; path = SettingsView.swift; sourceTree = "<group>"; };
		84B752362CB125020015B327 /* DatePickerView.swift */ = {isa = PBXFileReference; lastKnownFileType = sourcecode.swift; path = DatePickerView.swift; sourceTree = "<group>"; };
/* End PBXFileReference section */

/* Begin PBXFrameworksBuildPhase section */
		849053212CA990E20089DD08 /* Frameworks */ = {
			isa = PBXFrameworksBuildPhase;
			buildActionMask = 2147483647;
			files = (
				849053662CABF2290089DD08 /* SwiftUIIntrospect in Frameworks */,
				849053392CA991200089DD08 /* RealmSwift in Frameworks */,
				8490533C2CA9912A0089DD08 /* FSCalendar in Frameworks */,
			);
			runOnlyForDeploymentPostprocessing = 0;
		};
/* End PBXFrameworksBuildPhase section */

/* Begin PBXGroup section */
		8490531B2CA990E20089DD08 = {
			isa = PBXGroup;
			children = (
				849053572CA9AF430089DD08 /* .gitignore */,
				849053262CA990E20089DD08 /* Mindol */,
				849053252CA990E20089DD08 /* Products */,
			);
			sourceTree = "<group>";
		};
		849053252CA990E20089DD08 /* Products */ = {
			isa = PBXGroup;
			children = (
				849053242CA990E20089DD08 /* Mindol.app */,
			);
			name = Products;
			sourceTree = "<group>";
		};
		849053262CA990E20089DD08 /* Mindol */ = {
			isa = PBXGroup;
			children = (
				8490534C2CA991C40089DD08 /* Rock.swift */,
				849053552CA9AEF40089DD08 /* MindolApp.swift */,
				84B7522F2CAFDCA00015B327 /* MindolTabView.swift */,
				849053502CA995430089DD08 /* DB */,
				84B752282CAF26730015B327 /* DiaryList */,
				849053612CAA3EA80089DD08 /* RockStack */,
				849053442CA9917B0089DD08 /* DiaryCRUD */,
				84B752312CB008F40015B327 /* Settings */,
				84B7521F2CADBA750015B327 /* Component */,
				849053592CA9B29A0089DD08 /* ViewModifier */,
				8490535C2CA9BF990089DD08 /* Extension */,
				8490532B2CA990E30089DD08 /* Assets.xcassets */,
				8490532D2CA990E30089DD08 /* Preview Content */,
			);
			path = Mindol;
			sourceTree = "<group>";
		};
		8490532D2CA990E30089DD08 /* Preview Content */ = {
			isa = PBXGroup;
			children = (
				8490532E2CA990E30089DD08 /* Preview Assets.xcassets */,
			);
			path = "Preview Content";
			sourceTree = "<group>";
		};
		849053442CA9917B0089DD08 /* DiaryCRUD */ = {
			isa = PBXGroup;
			children = (
				849053492CA991AB0089DD08 /* EmotionSelectionView.swift */,
				8490534E2CA991DC0089DD08 /* CreateDiaryView.swift */,
				8490535F2CA9D6D70089DD08 /* ReadDiaryView.swift */,
			);
			path = DiaryCRUD;
			sourceTree = "<group>";
		};
		849053502CA995430089DD08 /* DB */ = {
			isa = PBXGroup;
			children = (
				849053352CA9910F0089DD08 /* DiaryTable.swift */,
				849053512CA99DEA0089DD08 /* DiaryRepository.swift */,
			);
			path = DB;
			sourceTree = "<group>";
		};
		849053592CA9B29A0089DD08 /* ViewModifier */ = {
			isa = PBXGroup;
			children = (
				849053532CA9ACD60089DD08 /* CustomTextEditorStyle.swift */,
			);
			path = ViewModifier;
			sourceTree = "<group>";
		};
		8490535C2CA9BF990089DD08 /* Extension */ = {
			isa = PBXGroup;
			children = (
				8490535D2CA9BFAC0089DD08 /* Date+.swift */,
				8490536C2CAC84CE0089DD08 /* UIApplication+.swift */,
			);
			path = Extension;
			sourceTree = "<group>";
		};
		849053612CAA3EA80089DD08 /* RockStack */ = {
			isa = PBXGroup;
			children = (
				84B7521B2CAD47570015B327 /* RockStackView.swift */,
				849053622CAA3EC60089DD08 /* RockStackScene.swift */,
				84B752242CADBEBD0015B327 /* SceneWrapper.swift */,
				84B752222CADBDBD0015B327 /* FlipCardView.swift */,
			);
			path = RockStack;
			sourceTree = "<group>";
		};
		84B7521F2CADBA750015B327 /* Component */ = {
			isa = PBXGroup;
			children = (
				84B752202CADBA990015B327 /* CalendarView.swift */,
				84B752262CAEB7700015B327 /* KeyboardAdaptiveBottomBar.swift */,
			);
			path = Component;
			sourceTree = "<group>";
		};
		84B752282CAF26730015B327 /* DiaryList */ = {
			isa = PBXGroup;
			children = (
				849053292CA990E20089DD08 /* DiaryListView.swift */,
				8490535A2CA9B7C70089DD08 /* RowStackView.swift */,
				84B752362CB125020015B327 /* DatePickerView.swift */,
			);
			path = DiaryList;
			sourceTree = "<group>";
		};
		84B752312CB008F40015B327 /* Settings */ = {
			isa = PBXGroup;
			children = (
				84B752322CB009170015B327 /* SettingsView.swift */,
			);
			path = Settings;
			sourceTree = "<group>";
		};
/* End PBXGroup section */

/* Begin PBXNativeTarget section */
		849053232CA990E20089DD08 /* Mindol */ = {
			isa = PBXNativeTarget;
			buildConfigurationList = 849053322CA990E30089DD08 /* Build configuration list for PBXNativeTarget "Mindol" */;
			buildPhases = (
				849053202CA990E20089DD08 /* Sources */,
				849053212CA990E20089DD08 /* Frameworks */,
				849053222CA990E20089DD08 /* Resources */,
				84B752352CB01C560015B327 /* Embed Frameworks */,
			);
			buildRules = (
			);
			dependencies = (
			);
			name = Mindol;
			packageProductDependencies = (
				849053382CA991200089DD08 /* RealmSwift */,
				8490533B2CA9912A0089DD08 /* FSCalendar */,
				849053652CABF2290089DD08 /* SwiftUIIntrospect */,
			);
			productName = Mindol;
			productReference = 849053242CA990E20089DD08 /* Mindol.app */;
			productType = "com.apple.product-type.application";
		};
/* End PBXNativeTarget section */

/* Begin PBXProject section */
		8490531C2CA990E20089DD08 /* Project object */ = {
			isa = PBXProject;
			attributes = {
				BuildIndependentTargetsInParallel = 1;
				LastSwiftUpdateCheck = 1540;
				LastUpgradeCheck = 1540;
				TargetAttributes = {
					849053232CA990E20089DD08 = {
						CreatedOnToolsVersion = 15.4;
					};
				};
			};
			buildConfigurationList = 8490531F2CA990E20089DD08 /* Build configuration list for PBXProject "Mindol" */;
			compatibilityVersion = "Xcode 14.0";
			developmentRegion = en;
			hasScannedForEncodings = 0;
			knownRegions = (
				en,
				Base,
			);
			mainGroup = 8490531B2CA990E20089DD08;
			packageReferences = (
				849053372CA991200089DD08 /* XCRemoteSwiftPackageReference "realm-swift" */,
				8490533A2CA9912A0089DD08 /* XCRemoteSwiftPackageReference "FSCalendar" */,
				849053642CABF2290089DD08 /* XCRemoteSwiftPackageReference "swiftui-introspect" */,
			);
			productRefGroup = 849053252CA990E20089DD08 /* Products */;
			projectDirPath = "";
			projectRoot = "";
			targets = (
				849053232CA990E20089DD08 /* Mindol */,
			);
		};
/* End PBXProject section */

/* Begin PBXResourcesBuildPhase section */
		849053222CA990E20089DD08 /* Resources */ = {
			isa = PBXResourcesBuildPhase;
			buildActionMask = 2147483647;
			files = (
				8490532F2CA990E30089DD08 /* Preview Assets.xcassets in Resources */,
				849053582CA9AF430089DD08 /* .gitignore in Resources */,
				8490532C2CA990E30089DD08 /* Assets.xcassets in Resources */,
			);
			runOnlyForDeploymentPostprocessing = 0;
		};
/* End PBXResourcesBuildPhase section */

/* Begin PBXSourcesBuildPhase section */
		849053202CA990E20089DD08 /* Sources */ = {
			isa = PBXSourcesBuildPhase;
			buildActionMask = 2147483647;
			files = (
				849053562CA9AEF40089DD08 /* MindolApp.swift in Sources */,
				8490534A2CA991AB0089DD08 /* EmotionSelectionView.swift in Sources */,
				8490532A2CA990E20089DD08 /* DiaryListView.swift in Sources */,
				84B752212CADBA990015B327 /* CalendarView.swift in Sources */,
				849053362CA9910F0089DD08 /* DiaryTable.swift in Sources */,
				8490535B2CA9B7C70089DD08 /* RowStackView.swift in Sources */,
				8490536D2CAC84CE0089DD08 /* UIApplication+.swift in Sources */,
				849053522CA99DEA0089DD08 /* DiaryRepository.swift in Sources */,
				8490534D2CA991C40089DD08 /* Rock.swift in Sources */,
				8490535E2CA9BFAC0089DD08 /* Date+.swift in Sources */,
				84B752372CB125020015B327 /* DatePickerView.swift in Sources */,
				84B752302CAFDCA00015B327 /* MindolTabView.swift in Sources */,
				84B752232CADBDBD0015B327 /* FlipCardView.swift in Sources */,
				84B752252CADBEBD0015B327 /* SceneWrapper.swift in Sources */,
				8490534F2CA991DC0089DD08 /* CreateDiaryView.swift in Sources */,
				849053542CA9ACD60089DD08 /* CustomTextEditorStyle.swift in Sources */,
				84B752272CAEB7700015B327 /* KeyboardAdaptiveBottomBar.swift in Sources */,
				849053632CAA3EC60089DD08 /* RockStackScene.swift in Sources */,
				849053602CA9D6D70089DD08 /* ReadDiaryView.swift in Sources */,
				84B752332CB009170015B327 /* SettingsView.swift in Sources */,
				84B7521C2CAD47570015B327 /* RockStackView.swift in Sources */,
			);
			runOnlyForDeploymentPostprocessing = 0;
		};
/* End PBXSourcesBuildPhase section */

/* Begin XCBuildConfiguration section */
		849053302CA990E30089DD08 /* Debug */ = {
			isa = XCBuildConfiguration;
			buildSettings = {
				ALWAYS_SEARCH_USER_PATHS = NO;
				ASSETCATALOG_COMPILER_GENERATE_SWIFT_ASSET_SYMBOL_EXTENSIONS = YES;
				CLANG_ANALYZER_NONNULL = YES;
				CLANG_ANALYZER_NUMBER_OBJECT_CONVERSION = YES_AGGRESSIVE;
				CLANG_CXX_LANGUAGE_STANDARD = "gnu++20";
				CLANG_ENABLE_MODULES = YES;
				CLANG_ENABLE_OBJC_ARC = YES;
				CLANG_ENABLE_OBJC_WEAK = YES;
				CLANG_WARN_BLOCK_CAPTURE_AUTORELEASING = YES;
				CLANG_WARN_BOOL_CONVERSION = YES;
				CLANG_WARN_COMMA = YES;
				CLANG_WARN_CONSTANT_CONVERSION = YES;
				CLANG_WARN_DEPRECATED_OBJC_IMPLEMENTATIONS = YES;
				CLANG_WARN_DIRECT_OBJC_ISA_USAGE = YES_ERROR;
				CLANG_WARN_DOCUMENTATION_COMMENTS = YES;
				CLANG_WARN_EMPTY_BODY = YES;
				CLANG_WARN_ENUM_CONVERSION = YES;
				CLANG_WARN_INFINITE_RECURSION = YES;
				CLANG_WARN_INT_CONVERSION = YES;
				CLANG_WARN_NON_LITERAL_NULL_CONVERSION = YES;
				CLANG_WARN_OBJC_IMPLICIT_RETAIN_SELF = YES;
				CLANG_WARN_OBJC_LITERAL_CONVERSION = YES;
				CLANG_WARN_OBJC_ROOT_CLASS = YES_ERROR;
				CLANG_WARN_QUOTED_INCLUDE_IN_FRAMEWORK_HEADER = YES;
				CLANG_WARN_RANGE_LOOP_ANALYSIS = YES;
				CLANG_WARN_STRICT_PROTOTYPES = YES;
				CLANG_WARN_SUSPICIOUS_MOVE = YES;
				CLANG_WARN_UNGUARDED_AVAILABILITY = YES_AGGRESSIVE;
				CLANG_WARN_UNREACHABLE_CODE = YES;
				CLANG_WARN__DUPLICATE_METHOD_MATCH = YES;
				COPY_PHASE_STRIP = NO;
				DEBUG_INFORMATION_FORMAT = dwarf;
				ENABLE_STRICT_OBJC_MSGSEND = YES;
				ENABLE_TESTABILITY = YES;
				ENABLE_USER_SCRIPT_SANDBOXING = YES;
				GCC_C_LANGUAGE_STANDARD = gnu17;
				GCC_DYNAMIC_NO_PIC = NO;
				GCC_NO_COMMON_BLOCKS = YES;
				GCC_OPTIMIZATION_LEVEL = 0;
				GCC_PREPROCESSOR_DEFINITIONS = (
					"DEBUG=1",
					"$(inherited)",
				);
				GCC_WARN_64_TO_32_BIT_CONVERSION = YES;
				GCC_WARN_ABOUT_RETURN_TYPE = YES_ERROR;
				GCC_WARN_UNDECLARED_SELECTOR = YES;
				GCC_WARN_UNINITIALIZED_AUTOS = YES_AGGRESSIVE;
				GCC_WARN_UNUSED_FUNCTION = YES;
				GCC_WARN_UNUSED_VARIABLE = YES;
				IPHONEOS_DEPLOYMENT_TARGET = 16.0;
				LOCALIZATION_PREFERS_STRING_CATALOGS = YES;
				MTL_ENABLE_DEBUG_INFO = INCLUDE_SOURCE;
				MTL_FAST_MATH = YES;
				ONLY_ACTIVE_ARCH = YES;
				SDKROOT = iphoneos;
				SWIFT_ACTIVE_COMPILATION_CONDITIONS = "DEBUG $(inherited)";
				SWIFT_OPTIMIZATION_LEVEL = "-Onone";
			};
			name = Debug;
		};
		849053312CA990E30089DD08 /* Release */ = {
			isa = XCBuildConfiguration;
			buildSettings = {
				ALWAYS_SEARCH_USER_PATHS = NO;
				ASSETCATALOG_COMPILER_GENERATE_SWIFT_ASSET_SYMBOL_EXTENSIONS = YES;
				CLANG_ANALYZER_NONNULL = YES;
				CLANG_ANALYZER_NUMBER_OBJECT_CONVERSION = YES_AGGRESSIVE;
				CLANG_CXX_LANGUAGE_STANDARD = "gnu++20";
				CLANG_ENABLE_MODULES = YES;
				CLANG_ENABLE_OBJC_ARC = YES;
				CLANG_ENABLE_OBJC_WEAK = YES;
				CLANG_WARN_BLOCK_CAPTURE_AUTORELEASING = YES;
				CLANG_WARN_BOOL_CONVERSION = YES;
				CLANG_WARN_COMMA = YES;
				CLANG_WARN_CONSTANT_CONVERSION = YES;
				CLANG_WARN_DEPRECATED_OBJC_IMPLEMENTATIONS = YES;
				CLANG_WARN_DIRECT_OBJC_ISA_USAGE = YES_ERROR;
				CLANG_WARN_DOCUMENTATION_COMMENTS = YES;
				CLANG_WARN_EMPTY_BODY = YES;
				CLANG_WARN_ENUM_CONVERSION = YES;
				CLANG_WARN_INFINITE_RECURSION = YES;
				CLANG_WARN_INT_CONVERSION = YES;
				CLANG_WARN_NON_LITERAL_NULL_CONVERSION = YES;
				CLANG_WARN_OBJC_IMPLICIT_RETAIN_SELF = YES;
				CLANG_WARN_OBJC_LITERAL_CONVERSION = YES;
				CLANG_WARN_OBJC_ROOT_CLASS = YES_ERROR;
				CLANG_WARN_QUOTED_INCLUDE_IN_FRAMEWORK_HEADER = YES;
				CLANG_WARN_RANGE_LOOP_ANALYSIS = YES;
				CLANG_WARN_STRICT_PROTOTYPES = YES;
				CLANG_WARN_SUSPICIOUS_MOVE = YES;
				CLANG_WARN_UNGUARDED_AVAILABILITY = YES_AGGRESSIVE;
				CLANG_WARN_UNREACHABLE_CODE = YES;
				CLANG_WARN__DUPLICATE_METHOD_MATCH = YES;
				COPY_PHASE_STRIP = NO;
				DEBUG_INFORMATION_FORMAT = "dwarf-with-dsym";
				ENABLE_NS_ASSERTIONS = NO;
				ENABLE_STRICT_OBJC_MSGSEND = YES;
				ENABLE_USER_SCRIPT_SANDBOXING = YES;
				GCC_C_LANGUAGE_STANDARD = gnu17;
				GCC_NO_COMMON_BLOCKS = YES;
				GCC_WARN_64_TO_32_BIT_CONVERSION = YES;
				GCC_WARN_ABOUT_RETURN_TYPE = YES_ERROR;
				GCC_WARN_UNDECLARED_SELECTOR = YES;
				GCC_WARN_UNINITIALIZED_AUTOS = YES_AGGRESSIVE;
				GCC_WARN_UNUSED_FUNCTION = YES;
				GCC_WARN_UNUSED_VARIABLE = YES;
				IPHONEOS_DEPLOYMENT_TARGET = 16.0;
				LOCALIZATION_PREFERS_STRING_CATALOGS = YES;
				MTL_ENABLE_DEBUG_INFO = NO;
				MTL_FAST_MATH = YES;
				SDKROOT = iphoneos;
				SWIFT_COMPILATION_MODE = wholemodule;
				VALIDATE_PRODUCT = YES;
			};
			name = Release;
		};
		849053332CA990E30089DD08 /* Debug */ = {
			isa = XCBuildConfiguration;
			buildSettings = {
				ASSETCATALOG_COMPILER_APPICON_NAME = AppIcon;
				ASSETCATALOG_COMPILER_GLOBAL_ACCENT_COLOR_NAME = AccentColor;
				CODE_SIGN_STYLE = Automatic;
				CURRENT_PROJECT_VERSION = 1;
				DEVELOPMENT_ASSET_PATHS = "\"Mindol/Preview Content\"";
				DEVELOPMENT_TEAM = DB9LFYULKZ;
				ENABLE_PREVIEWS = YES;
				GENERATE_INFOPLIST_FILE = YES;
				INFOPLIST_KEY_CFBundleDisplayName = Mindol;
				INFOPLIST_KEY_UIApplicationSceneManifest_Generation = YES;
				INFOPLIST_KEY_UIApplicationSupportsIndirectInputEvents = YES;
				INFOPLIST_KEY_UILaunchScreen_Generation = YES;
				INFOPLIST_KEY_UISupportedInterfaceOrientations = UIInterfaceOrientationPortrait;
				INFOPLIST_KEY_UISupportedInterfaceOrientations_iPad = UIInterfaceOrientationPortrait;
				IPHONEOS_DEPLOYMENT_TARGET = 16.0;
				LD_RUNPATH_SEARCH_PATHS = (
					"$(inherited)",
					"@executable_path/Frameworks",
				);
				MARKETING_VERSION = 1.0;
				PRODUCT_BUNDLE_IDENTIFIER = yoruck2.Mindol;
				PRODUCT_NAME = "$(TARGET_NAME)";
				SUPPORTED_PLATFORMS = "iphoneos iphonesimulator";
				SUPPORTS_MACCATALYST = NO;
				SUPPORTS_MAC_DESIGNED_FOR_IPHONE_IPAD = NO;
				SUPPORTS_XR_DESIGNED_FOR_IPHONE_IPAD = NO;
				SWIFT_EMIT_LOC_STRINGS = YES;
				SWIFT_VERSION = 5.0;
				TARGETED_DEVICE_FAMILY = 1;
			};
			name = Debug;
		};
		849053342CA990E30089DD08 /* Release */ = {
			isa = XCBuildConfiguration;
			buildSettings = {
				ASSETCATALOG_COMPILER_APPICON_NAME = AppIcon;
				ASSETCATALOG_COMPILER_GLOBAL_ACCENT_COLOR_NAME = AccentColor;
				CODE_SIGN_STYLE = Automatic;
				CURRENT_PROJECT_VERSION = 1;
				DEVELOPMENT_ASSET_PATHS = "\"Mindol/Preview Content\"";
				DEVELOPMENT_TEAM = DB9LFYULKZ;
				ENABLE_PREVIEWS = YES;
				GENERATE_INFOPLIST_FILE = YES;
				INFOPLIST_KEY_CFBundleDisplayName = Mindol;
				INFOPLIST_KEY_UIApplicationSceneManifest_Generation = YES;
				INFOPLIST_KEY_UIApplicationSupportsIndirectInputEvents = YES;
				INFOPLIST_KEY_UILaunchScreen_Generation = YES;
				INFOPLIST_KEY_UISupportedInterfaceOrientations = UIInterfaceOrientationPortrait;
				INFOPLIST_KEY_UISupportedInterfaceOrientations_iPad = UIInterfaceOrientationPortrait;
				IPHONEOS_DEPLOYMENT_TARGET = 16.0;
				LD_RUNPATH_SEARCH_PATHS = (
					"$(inherited)",
					"@executable_path/Frameworks",
				);
				MARKETING_VERSION = 1.0;
				PRODUCT_BUNDLE_IDENTIFIER = yoruck2.Mindol;
				PRODUCT_NAME = "$(TARGET_NAME)";
				SUPPORTED_PLATFORMS = "iphoneos iphonesimulator";
				SUPPORTS_MACCATALYST = NO;
				SUPPORTS_MAC_DESIGNED_FOR_IPHONE_IPAD = NO;
				SUPPORTS_XR_DESIGNED_FOR_IPHONE_IPAD = NO;
				SWIFT_EMIT_LOC_STRINGS = YES;
				SWIFT_VERSION = 5.0;
				TARGETED_DEVICE_FAMILY = 1;
			};
			name = Release;
		};
/* End XCBuildConfiguration section */

/* Begin XCConfigurationList section */
		8490531F2CA990E20089DD08 /* Build configuration list for PBXProject "Mindol" */ = {
			isa = XCConfigurationList;
			buildConfigurations = (
				849053302CA990E30089DD08 /* Debug */,
				849053312CA990E30089DD08 /* Release */,
			);
			defaultConfigurationIsVisible = 0;
			defaultConfigurationName = Release;
		};
		849053322CA990E30089DD08 /* Build configuration list for PBXNativeTarget "Mindol" */ = {
			isa = XCConfigurationList;
			buildConfigurations = (
				849053332CA990E30089DD08 /* Debug */,
				849053342CA990E30089DD08 /* Release */,
			);
			defaultConfigurationIsVisible = 0;
			defaultConfigurationName = Release;
		};
/* End XCConfigurationList section */

/* Begin XCRemoteSwiftPackageReference section */
		849053372CA991200089DD08 /* XCRemoteSwiftPackageReference "realm-swift" */ = {
			isa = XCRemoteSwiftPackageReference;
			repositoryURL = "https://github.com/realm/realm-swift";
			requirement = {
				kind = exactVersion;
				version = 20.0.0;
			};
		};
		8490533A2CA9912A0089DD08 /* XCRemoteSwiftPackageReference "FSCalendar" */ = {
			isa = XCRemoteSwiftPackageReference;
			repositoryURL = "https://github.com/WenchaoD/FSCalendar";
			requirement = {
				kind = upToNextMajorVersion;
				minimumVersion = 2.8.4;
			};
		};
		849053642CABF2290089DD08 /* XCRemoteSwiftPackageReference "swiftui-introspect" */ = {
			isa = XCRemoteSwiftPackageReference;
			repositoryURL = "https://github.com/siteline/swiftui-introspect";
			requirement = {
				kind = upToNextMajorVersion;
				minimumVersion = 1.3.0;
			};
		};
/* End XCRemoteSwiftPackageReference section */

/* Begin XCSwiftPackageProductDependency section */
		849053382CA991200089DD08 /* RealmSwift */ = {
			isa = XCSwiftPackageProductDependency;
			package = 849053372CA991200089DD08 /* XCRemoteSwiftPackageReference "realm-swift" */;
			productName = RealmSwift;
		};
		8490533B2CA9912A0089DD08 /* FSCalendar */ = {
			isa = XCSwiftPackageProductDependency;
			package = 8490533A2CA9912A0089DD08 /* XCRemoteSwiftPackageReference "FSCalendar" */;
			productName = FSCalendar;
		};
		849053652CABF2290089DD08 /* SwiftUIIntrospect */ = {
			isa = XCSwiftPackageProductDependency;
			package = 849053642CABF2290089DD08 /* XCRemoteSwiftPackageReference "swiftui-introspect" */;
			productName = SwiftUIIntrospect;
		};
/* End XCSwiftPackageProductDependency section */
	};
	rootObject = 8490531C2CA990E20089DD08 /* Project object */;
}
